
Microsoft Visual Studio Solution File, Format Version 12.00
# Visual Studio Version 17
VisualStudioVersion = 17.12.35527.113
MinimumVisualStudioVersion = 10.0.40219.1
Project("{2150E333-8FDC-42A3-9474-1A3956D46DE8}") = "BackEnd", "BackEnd", "{BF3F9A06-B8F5-4CC4-BD52-EAF5FFC7D480}"
EndProject
Project("{2150E333-8FDC-42A3-9474-1A3956D46DE8}") = "FrontEnd", "FrontEnd", "{95365637-F699-497C-BCA5-2D0DB16498CE}"
EndProject
Project("{FAE04EC0-301F-11D3-BF4B-00C04F79EFBC}") = "TaskManagementApp.Core", "TaskManagementApp.Core\TaskManagementApp.Core.csproj", "{B78069F5-AA37-4816-A025-0B2F7DD15700}"
EndProject
Project("{FAE04EC0-301F-11D3-BF4B-00C04F79EFBC}") = "TaskManagementApp.Infrastructure", "TaskManagementApp.Infrastructure\TaskManagementApp.Infrastructure.csproj", "{D07E5AA7-7248-4985-8186-982C3907ED64}"
EndProject
Project("{FAE04EC0-301F-11D3-BF4B-00C04F79EFBC}") = "TaskManagementApp.API", "TaskManagementApp.API\TaskManagementApp.API.csproj", "{9848E922-FE96-4AB4-AB07-6909AA766864}"
EndProject
Project("{54A90642-561A-4BB1-A94E-469ADEE60C69}") = "taskmanagementapp.frontend", "TaskManagementApp.FrontEnd\taskmanagementapp.frontend.esproj", "{1E34979A-5A93-4FCB-9E9B-FC64C928DB87}"
EndProject
Global
	GlobalSection(SolutionConfigurationPlatforms) = preSolution
		Debug|Any CPU = Debug|Any CPU
		Release|Any CPU = Release|Any CPU
	EndGlobalSection
	GlobalSection(ProjectConfigurationPlatforms) = postSolution
		{B78069F5-AA37-4816-A025-0B2F7DD15700}.Debug|Any CPU.ActiveCfg = Debug|Any CPU
		{B78069F5-AA37-4816-A025-0B2F7DD15700}.Debug|Any CPU.Build.0 = Debug|Any CPU
		{B78069F5-AA37-4816-A025-0B2F7DD15700}.Release|Any CPU.ActiveCfg = Release|Any CPU
		{B78069F5-AA37-4816-A025-0B2F7DD15700}.Release|Any CPU.Build.0 = Release|Any CPU
		{D07E5AA7-7248-4985-8186-982C3907ED64}.Debug|Any CPU.ActiveCfg = Debug|Any CPU
		{D07E5AA7-7248-4985-8186-982C3907ED64}.Debug|Any CPU.Build.0 = Debug|Any CPU
		{D07E5AA7-7248-4985-8186-982C3907ED64}.Release|Any CPU.ActiveCfg = Release|Any CPU
		{D07E5AA7-7248-4985-8186-982C3907ED64}.Release|Any CPU.Build.0 = Release|Any CPU
		{9848E922-FE96-4AB4-AB07-6909AA766864}.Debug|Any CPU.ActiveCfg = Debug|Any CPU
		{9848E922-FE96-4AB4-AB07-6909AA766864}.Debug|Any CPU.Build.0 = Debug|Any CPU
		{9848E922-FE96-4AB4-AB07-6909AA766864}.Release|Any CPU.ActiveCfg = Release|Any CPU
		{9848E922-FE96-4AB4-AB07-6909AA766864}.Release|Any CPU.Build.0 = Release|Any CPU
		{1E34979A-5A93-4FCB-9E9B-FC64C928DB87}.Debug|Any CPU.ActiveCfg = Debug|Any CPU
		{1E34979A-5A93-4FCB-9E9B-FC64C928DB87}.Debug|Any CPU.Build.0 = Debug|Any CPU
		{1E34979A-5A93-4FCB-9E9B-FC64C928DB87}.Debug|Any CPU.Deploy.0 = Debug|Any CPU
		{1E34979A-5A93-4FCB-9E9B-FC64C928DB87}.Release|Any CPU.ActiveCfg = Release|Any CPU
		{1E34979A-5A93-4FCB-9E9B-FC64C928DB87}.Release|Any CPU.Build.0 = Release|Any CPU
		{1E34979A-5A93-4FCB-9E9B-FC64C928DB87}.Release|Any CPU.Deploy.0 = Release|Any CPU
	EndGlobalSection
	GlobalSection(SolutionProperties) = preSolution
		HideSolutionNode = FALSE
	EndGlobalSection
	GlobalSection(NestedProjects) = preSolution
		{B78069F5-AA37-4816-A025-0B2F7DD15700} = {BF3F9A06-B8F5-4CC4-BD52-EAF5FFC7D480}
		{D07E5AA7-7248-4985-8186-982C3907ED64} = {BF3F9A06-B8F5-4CC4-BD52-EAF5FFC7D480}
		{9848E922-FE96-4AB4-AB07-6909AA766864} = {BF3F9A06-B8F5-4CC4-BD52-EAF5FFC7D480}
		{1E34979A-5A93-4FCB-9E9B-FC64C928DB87} = {95365637-F699-497C-BCA5-2D0DB16498CE}
	EndGlobalSection
EndGlobal
